
Microsoft Visual Studio Solution File, Format Version 12.00
# Visual Studio Version 17
VisualStudioVersion = 17.10.34707.107
MinimumVisualStudioVersion = 10.0.40219.1
Project("{2150E333-8FDC-42A3-9474-1A3956D46DE8}") = "src", "src", "{5F900840-0717-4B60-BCC2-CA4F9B4A0890}"
EndProject
Project("{2150E333-8FDC-42A3-9474-1A3956D46DE8}") = "test", "test", "{AF9BFF58-2D66-42C7-9C74-FF96C6CB0FE2}"
EndProject
Project("{9A19103F-16F7-4668-BE54-9A1E7A4F7556}") = "Api", "src\Api\Api.csproj", "{0558CF49-C006-4088-BF7C-9EB02FF6B65F}"
EndProject
Project("{9A19103F-16F7-4668-BE54-9A1E7A4F7556}") = "Application", "src\Application\Application.csproj", "{7DDD41DD-824A-4375-98F2-B09166CD382F}"
EndProject
Project("{9A19103F-16F7-4668-BE54-9A1E7A4F7556}") = "Domain", "src\Domain\Domain.csproj", "{A79455C7-027C-4323-825D-376805C0F83D}"
EndProject
Project("{9A19103F-16F7-4668-BE54-9A1E7A4F7556}") = "Persistence", "src\Persistence\Persistence.csproj", "{5D983751-8626-4943-A9C3-53DDA32820F1}"
EndProject
Project("{9A19103F-16F7-4668-BE54-9A1E7A4F7556}") = "Application.Tests", "test\Application.Tests\Application.Tests.csproj", "{258E12FA-29B8-4D41-9481-3FF97C1674B4}"
EndProject
Project("{9A19103F-16F7-4668-BE54-9A1E7A4F7556}") = "Persistence.Tests", "test\Persistence.Tests\Persistence.Tests.csproj", "{D7557111-4381-4115-ABFE-481C1511955A}"
EndProject
Project("{9A19103F-16F7-4668-BE54-9A1E7A4F7556}") = "Api.IntegrationTests", "test\Api.Tests\Api.IntegrationTests.csproj", "{810705E1-BB6F-45B1-A1E1-1D661071893F}"
EndProject
Project("{FAE04EC0-301F-11D3-BF4B-00C04F79EFBC}") = "Domain.Tests", "test\Domain.Tests\Domain.Tests.csproj", "{008F86C1-EC5A-4592-86A9-9C8DE43D31FE}"
EndProject
Global
	GlobalSection(SolutionConfigurationPlatforms) = preSolution
		Debug|Any CPU = Debug|Any CPU
		Release|Any CPU = Release|Any CPU
	EndGlobalSection
	GlobalSection(ProjectConfigurationPlatforms) = postSolution
		{0558CF49-C006-4088-BF7C-9EB02FF6B65F}.Debug|Any CPU.ActiveCfg = Debug|Any CPU
		{0558CF49-C006-4088-BF7C-9EB02FF6B65F}.Debug|Any CPU.Build.0 = Debug|Any CPU
		{0558CF49-C006-4088-BF7C-9EB02FF6B65F}.Release|Any CPU.ActiveCfg = Release|Any CPU
		{0558CF49-C006-4088-BF7C-9EB02FF6B65F}.Release|Any CPU.Build.0 = Release|Any CPU
		{7DDD41DD-824A-4375-98F2-B09166CD382F}.Debug|Any CPU.ActiveCfg = Debug|Any CPU
		{7DDD41DD-824A-4375-98F2-B09166CD382F}.Debug|Any CPU.Build.0 = Debug|Any CPU
		{7DDD41DD-824A-4375-98F2-B09166CD382F}.Release|Any CPU.ActiveCfg = Release|Any CPU
		{7DDD41DD-824A-4375-98F2-B09166CD382F}.Release|Any CPU.Build.0 = Release|Any CPU
		{A79455C7-027C-4323-825D-376805C0F83D}.Debug|Any CPU.ActiveCfg = Debug|Any CPU
		{A79455C7-027C-4323-825D-376805C0F83D}.Debug|Any CPU.Build.0 = Debug|Any CPU
		{A79455C7-027C-4323-825D-376805C0F83D}.Release|Any CPU.ActiveCfg = Release|Any CPU
		{A79455C7-027C-4323-825D-376805C0F83D}.Release|Any CPU.Build.0 = Release|Any CPU
		{5D983751-8626-4943-A9C3-53DDA32820F1}.Debug|Any CPU.ActiveCfg = Debug|Any CPU
		{5D983751-8626-4943-A9C3-53DDA32820F1}.Debug|Any CPU.Build.0 = Debug|Any CPU
		{5D983751-8626-4943-A9C3-53DDA32820F1}.Release|Any CPU.ActiveCfg = Release|Any CPU
		{5D983751-8626-4943-A9C3-53DDA32820F1}.Release|Any CPU.Build.0 = Release|Any CPU
		{258E12FA-29B8-4D41-9481-3FF97C1674B4}.Debug|Any CPU.ActiveCfg = Debug|Any CPU
		{258E12FA-29B8-4D41-9481-3FF97C1674B4}.Debug|Any CPU.Build.0 = Debug|Any CPU
		{258E12FA-29B8-4D41-9481-3FF97C1674B4}.Release|Any CPU.ActiveCfg = Release|Any CPU
		{258E12FA-29B8-4D41-9481-3FF97C1674B4}.Release|Any CPU.Build.0 = Release|Any CPU
		{D7557111-4381-4115-ABFE-481C1511955A}.Debug|Any CPU.ActiveCfg = Debug|Any CPU
		{D7557111-4381-4115-ABFE-481C1511955A}.Debug|Any CPU.Build.0 = Debug|Any CPU
		{D7557111-4381-4115-ABFE-481C1511955A}.Release|Any CPU.ActiveCfg = Release|Any CPU
		{D7557111-4381-4115-ABFE-481C1511955A}.Release|Any CPU.Build.0 = Release|Any CPU
		{810705E1-BB6F-45B1-A1E1-1D661071893F}.Debug|Any CPU.ActiveCfg = Debug|Any CPU
		{810705E1-BB6F-45B1-A1E1-1D661071893F}.Debug|Any CPU.Build.0 = Debug|Any CPU
		{810705E1-BB6F-45B1-A1E1-1D661071893F}.Release|Any CPU.ActiveCfg = Release|Any CPU
		{810705E1-BB6F-45B1-A1E1-1D661071893F}.Release|Any CPU.Build.0 = Release|Any CPU
		{008F86C1-EC5A-4592-86A9-9C8DE43D31FE}.Debug|Any CPU.ActiveCfg = Debug|Any CPU
		{008F86C1-EC5A-4592-86A9-9C8DE43D31FE}.Debug|Any CPU.Build.0 = Debug|Any CPU
		{008F86C1-EC5A-4592-86A9-9C8DE43D31FE}.Release|Any CPU.ActiveCfg = Release|Any CPU
		{008F86C1-EC5A-4592-86A9-9C8DE43D31FE}.Release|Any CPU.Build.0 = Release|Any CPU
	EndGlobalSection
	GlobalSection(SolutionProperties) = preSolution
		HideSolutionNode = FALSE
	EndGlobalSection
	GlobalSection(NestedProjects) = preSolution
		{0558CF49-C006-4088-BF7C-9EB02FF6B65F} = {5F900840-0717-4B60-BCC2-CA4F9B4A0890}
		{7DDD41DD-824A-4375-98F2-B09166CD382F} = {5F900840-0717-4B60-BCC2-CA4F9B4A0890}
		{A79455C7-027C-4323-825D-376805C0F83D} = {5F900840-0717-4B60-BCC2-CA4F9B4A0890}
		{5D983751-8626-4943-A9C3-53DDA32820F1} = {5F900840-0717-4B60-BCC2-CA4F9B4A0890}
		{258E12FA-29B8-4D41-9481-3FF97C1674B4} = {AF9BFF58-2D66-42C7-9C74-FF96C6CB0FE2}
		{D7557111-4381-4115-ABFE-481C1511955A} = {AF9BFF58-2D66-42C7-9C74-FF96C6CB0FE2}
		{810705E1-BB6F-45B1-A1E1-1D661071893F} = {AF9BFF58-2D66-42C7-9C74-FF96C6CB0FE2}
		{008F86C1-EC5A-4592-86A9-9C8DE43D31FE} = {AF9BFF58-2D66-42C7-9C74-FF96C6CB0FE2}
	EndGlobalSection
	GlobalSection(ExtensibilityGlobals) = postSolution
		SolutionGuid = {8B5F5B23-E17A-4B0F-A64B-ED4AB036EF79}
	EndGlobalSection
EndGlobal
